
Microsoft Visual Studio Solution File, Format Version 11.00
# Visual Studio 2010
Project("{2150E333-8FDC-42A3-9474-1A3956D46DE8}") = "Dependencies", "Dependencies", "{5425CA08-64DF-4009-9213-0F4840745559}"
EndProject
Project("{2150E333-8FDC-42A3-9474-1A3956D46DE8}") = "Engine", "Engine", "{EA791C1C-8CB5-42F1-9987-42D311817470}"
EndProject
Project("{2150E333-8FDC-42A3-9474-1A3956D46DE8}") = "Plugin", "Plugin", "{A69096FA-EAB4-4C98-A2FF-F7D0429E8DEE}"
EndProject
Project("{2150E333-8FDC-42A3-9474-1A3956D46DE8}") = "Game", "Game", "{6DA30DF0-38B9-4B21-B4E6-03439E9069F3}"
EndProject
Project("{2150E333-8FDC-42A3-9474-1A3956D46DE8}") = "App", "App", "{437B8CD7-58B5-4D32-B56A-0487A5774993}"
EndProject
Project("{2150E333-8FDC-42A3-9474-1A3956D46DE8}") = "Tool", "Tool", "{0F9645F6-1D7A-4C8F-9783-098E0537C370}"
EndProject
Project("{8BC9CEB8-8B4A-11D0-8D11-00A0C91BC942}") = "freetype", "..\Dependencies\freetype\builds\win32\vc2008\freetype.vcxproj", "{78B079BD-9FC7-4B9E-B4A6-96DA0F00248B}"
EndProject
Project("{8BC9CEB8-8B4A-11D0-8D11-00A0C91BC942}") = "OIS", "..\Dependencies\OIS\Win32\OIS_vs2008.vcxproj", "{9CC704CB-4956-4479-BDEC-57CBC03F700E}"
EndProject
Project("{8BC9CEB8-8B4A-11D0-8D11-00A0C91BC942}") = "Package", "..\Dependencies\Package\Package_vs2008.vcxproj", "{E815C46C-36C4-499F-BBC2-E772C6B17971}"
EndProject
Project("{8BC9CEB8-8B4A-11D0-8D11-00A0C91BC942}") = "AirCharacter", "Project\AirCharacter.vcxproj", "{45109401-D424-4EF4-B6AD-EFFF7100C2A1}"
EndProject
Project("{8BC9CEB8-8B4A-11D0-8D11-00A0C91BC942}") = "AirCommon", "Project\AirCommon.vcxproj", "{937333A9-FF4A-4ABD-9935-CF9EFCEC2A8E}"
EndProject
Project("{8BC9CEB8-8B4A-11D0-8D11-00A0C91BC942}") = "AirEngine", "Project\AirEngine.vcxproj", "{A7DE6B01-9F4D-4B62-89A6-45879F48D214}"
EndProject
Project("{8BC9CEB8-8B4A-11D0-8D11-00A0C91BC942}") = "AirAudio", "Project\AirAudio.vcxproj", "{0255BEC2-3188-4BD1-9B3C-4C1E66C4AC09}"
EndProject
Project("{8BC9CEB8-8B4A-11D0-8D11-00A0C91BC942}") = "AirInput", "Project\AirInput.vcxproj", "{CBC61B9C-C611-401C-8011-0E4642144EEE}"
EndProject
Project("{8BC9CEB8-8B4A-11D0-8D11-00A0C91BC942}") = "AirRender11", "Project\AirRender11.vcxproj", "{F791CDCD-3F15-447B-91D6-BB3FBC07261A}"
EndProject
Project("{8BC9CEB8-8B4A-11D0-8D11-00A0C91BC942}") = "AirResource", "Project\AirResource.vcxproj", "{85E5B072-BE62-4B4F-BB80-9CA405A9ABC7}"
EndProject
Project("{8BC9CEB8-8B4A-11D0-8D11-00A0C91BC942}") = "AirApplication", "Project\AirApplication.vcxproj", "{87167A6E-EEB3-41D1-98A8-4609693D3E90}"
EndProject
Project("{8BC9CEB8-8B4A-11D0-8D11-00A0C91BC942}") = "AirGame", "Project\AirGame.vcxproj", "{B37BF131-4639-470F-9AAA-C6E35EA8644C}"
EndProject
Project("{8BC9CEB8-8B4A-11D0-8D11-00A0C91BC942}") = "AirAIRecast", "Project\AirAIRecast.vcxproj", "{64DD14D8-4856-4FCF-A0B9-CEFC517EC9C6}"
EndProject
Global
	GlobalSection(SolutionConfigurationPlatforms) = preSolution
		Debug Multithreaded|Win32 = Debug Multithreaded|Win32
		Debug Multithreaded|x64 = Debug Multithreaded|x64
		Debug Singlethreaded|Win32 = Debug Singlethreaded|Win32
		Debug Singlethreaded|x64 = Debug Singlethreaded|x64
		Debug|Win32 = Debug|Win32
		Debug|x64 = Debug|x64
		Develop|Win32 = Develop|Win32
		Develop|x64 = Develop|x64
		OIS_DebugDll|Win32 = OIS_DebugDll|Win32
		OIS_DebugDll|x64 = OIS_DebugDll|x64
		OIS_ReleaseDll|Win32 = OIS_ReleaseDll|Win32
		OIS_ReleaseDll|x64 = OIS_ReleaseDll|x64
		Release Multithreaded|Win32 = Release Multithreaded|Win32
		Release Multithreaded|x64 = Release Multithreaded|x64
		Release Singlethreaded|Win32 = Release Singlethreaded|Win32
		Release Singlethreaded|x64 = Release Singlethreaded|x64
		release_nocrypt|Win32 = release_nocrypt|Win32
		release_nocrypt|x64 = release_nocrypt|x64
		Release_SSE|Win32 = Release_SSE|Win32
		Release_SSE|x64 = Release_SSE|x64
		Release_SSE2|Win32 = Release_SSE2|Win32
		Release_SSE2|x64 = Release_SSE2|x64
		Release|Win32 = Release|Win32
		Release|x64 = Release|x64
		Template|Win32 = Template|Win32
		Template|x64 = Template|x64
	EndGlobalSection
	GlobalSection(ProjectConfigurationPlatforms) = postSolution
		{78B079BD-9FC7-4B9E-B4A6-96DA0F00248B}.Debug Multithreaded|Win32.ActiveCfg = Debug Multithreaded|Win32
		{78B079BD-9FC7-4B9E-B4A6-96DA0F00248B}.Debug Multithreaded|Win32.Build.0 = Debug Multithreaded|Win32
		{78B079BD-9FC7-4B9E-B4A6-96DA0F00248B}.Debug Multithreaded|x64.ActiveCfg = Debug Multithreaded|Win32
		{78B079BD-9FC7-4B9E-B4A6-96DA0F00248B}.Debug Singlethreaded|Win32.ActiveCfg = Debug Singlethreaded|Win32
		{78B079BD-9FC7-4B9E-B4A6-96DA0F00248B}.Debug Singlethreaded|Win32.Build.0 = Debug Singlethreaded|Win32
		{78B079BD-9FC7-4B9E-B4A6-96DA0F00248B}.Debug Singlethreaded|x64.ActiveCfg = Debug Singlethreaded|Win32
		{78B079BD-9FC7-4B9E-B4A6-96DA0F00248B}.Debug|Win32.ActiveCfg = Debug|Win32
		{78B079BD-9FC7-4B9E-B4A6-96DA0F00248B}.Debug|Win32.Build.0 = Debug|Win32
		{78B079BD-9FC7-4B9E-B4A6-96DA0F00248B}.Debug|x64.ActiveCfg = Debug|Win32
		{78B079BD-9FC7-4B9E-B4A6-96DA0F00248B}.Develop|Win32.ActiveCfg = Develop|Win32
		{78B079BD-9FC7-4B9E-B4A6-96DA0F00248B}.Develop|Win32.Build.0 = Develop|Win32
		{78B079BD-9FC7-4B9E-B4A6-96DA0F00248B}.Develop|x64.ActiveCfg = Develop|Win32
		{78B079BD-9FC7-4B9E-B4A6-96DA0F00248B}.OIS_DebugDll|Win32.ActiveCfg = Debug|Win32
		{78B079BD-9FC7-4B9E-B4A6-96DA0F00248B}.OIS_DebugDll|Win32.Build.0 = Debug|Win32
		{78B079BD-9FC7-4B9E-B4A6-96DA0F00248B}.OIS_DebugDll|x64.ActiveCfg = Debug|Win32
		{78B079BD-9FC7-4B9E-B4A6-96DA0F00248B}.OIS_ReleaseDll|Win32.ActiveCfg = Release|Win32
		{78B079BD-9FC7-4B9E-B4A6-96DA0F00248B}.OIS_ReleaseDll|Win32.Build.0 = Release|Win32
		{78B079BD-9FC7-4B9E-B4A6-96DA0F00248B}.OIS_ReleaseDll|x64.ActiveCfg = Release|Win32
		{78B079BD-9FC7-4B9E-B4A6-96DA0F00248B}.Release Multithreaded|Win32.ActiveCfg = Release Multithreaded|Win32
		{78B079BD-9FC7-4B9E-B4A6-96DA0F00248B}.Release Multithreaded|Win32.Build.0 = Release Multithreaded|Win32
		{78B079BD-9FC7-4B9E-B4A6-96DA0F00248B}.Release Multithreaded|x64.ActiveCfg = Release Multithreaded|Win32
		{78B079BD-9FC7-4B9E-B4A6-96DA0F00248B}.Release Singlethreaded|Win32.ActiveCfg = Release Singlethreaded|Win32
		{78B079BD-9FC7-4B9E-B4A6-96DA0F00248B}.Release Singlethreaded|Win32.Build.0 = Release Singlethreaded|Win32
		{78B079BD-9FC7-4B9E-B4A6-96DA0F00248B}.Release Singlethreaded|x64.ActiveCfg = Release Singlethreaded|Win32
		{78B079BD-9FC7-4B9E-B4A6-96DA0F00248B}.release_nocrypt|Win32.ActiveCfg = Release|Win32
		{78B079BD-9FC7-4B9E-B4A6-96DA0F00248B}.release_nocrypt|Win32.Build.0 = Release|Win32
		{78B079BD-9FC7-4B9E-B4A6-96DA0F00248B}.release_nocrypt|x64.ActiveCfg = Release|Win32
		{78B079BD-9FC7-4B9E-B4A6-96DA0F00248B}.Release_SSE|Win32.ActiveCfg = Release|Win32
		{78B079BD-9FC7-4B9E-B4A6-96DA0F00248B}.Release_SSE|Win32.Build.0 = Release|Win32
		{78B079BD-9FC7-4B9E-B4A6-96DA0F00248B}.Release_SSE|x64.ActiveCfg = Release|Win32
		{78B079BD-9FC7-4B9E-B4A6-96DA0F00248B}.Release_SSE2|Win32.ActiveCfg = Release|Win32
		{78B079BD-9FC7-4B9E-B4A6-96DA0F00248B}.Release_SSE2|Win32.Build.0 = Release|Win32
		{78B079BD-9FC7-4B9E-B4A6-96DA0F00248B}.Release_SSE2|x64.ActiveCfg = Release|Win32
		{78B079BD-9FC7-4B9E-B4A6-96DA0F00248B}.Release|Win32.ActiveCfg = Release|Win32
		{78B079BD-9FC7-4B9E-B4A6-96DA0F00248B}.Release|Win32.Build.0 = Release|Win32
		{78B079BD-9FC7-4B9E-B4A6-96DA0F00248B}.Release|x64.ActiveCfg = Release|Win32
		{78B079BD-9FC7-4B9E-B4A6-96DA0F00248B}.Template|Win32.ActiveCfg = Release|Win32
		{78B079BD-9FC7-4B9E-B4A6-96DA0F00248B}.Template|Win32.Build.0 = Release|Win32
		{78B079BD-9FC7-4B9E-B4A6-96DA0F00248B}.Template|x64.ActiveCfg = Release|Win32
		{9CC704CB-4956-4479-BDEC-57CBC03F700E}.Debug Multithreaded|Win32.ActiveCfg = Debug|x64
		{9CC704CB-4956-4479-BDEC-57CBC03F700E}.Debug Multithreaded|x64.ActiveCfg = Debug|x64
		{9CC704CB-4956-4479-BDEC-57CBC03F700E}.Debug Multithreaded|x64.Build.0 = Debug|x64
		{9CC704CB-4956-4479-BDEC-57CBC03F700E}.Debug Singlethreaded|Win32.ActiveCfg = Debug|x64
		{9CC704CB-4956-4479-BDEC-57CBC03F700E}.Debug Singlethreaded|x64.ActiveCfg = Debug|x64
		{9CC704CB-4956-4479-BDEC-57CBC03F700E}.Debug Singlethreaded|x64.Build.0 = Debug|x64
		{9CC704CB-4956-4479-BDEC-57CBC03F700E}.Debug|Win32.ActiveCfg = Debug|Win32
		{9CC704CB-4956-4479-BDEC-57CBC03F700E}.Debug|Win32.Build.0 = Debug|Win32
		{9CC704CB-4956-4479-BDEC-57CBC03F700E}.Debug|x64.ActiveCfg = Debug|x64
		{9CC704CB-4956-4479-BDEC-57CBC03F700E}.Debug|x64.Build.0 = Debug|x64
		{9CC704CB-4956-4479-BDEC-57CBC03F700E}.Develop|Win32.ActiveCfg = Develop|Win32
		{9CC704CB-4956-4479-BDEC-57CBC03F700E}.Develop|Win32.Build.0 = Develop|Win32
		{9CC704CB-4956-4479-BDEC-57CBC03F700E}.Develop|x64.ActiveCfg = Develop|x64
		{9CC704CB-4956-4479-BDEC-57CBC03F700E}.Develop|x64.Build.0 = Develop|x64
		{9CC704CB-4956-4479-BDEC-57CBC03F700E}.OIS_DebugDll|Win32.ActiveCfg = OIS_DebugDll|Win32
		{9CC704CB-4956-4479-BDEC-57CBC03F700E}.OIS_DebugDll|Win32.Build.0 = OIS_DebugDll|Win32
		{9CC704CB-4956-4479-BDEC-57CBC03F700E}.OIS_DebugDll|x64.ActiveCfg = OIS_DebugDll|x64
		{9CC704CB-4956-4479-BDEC-57CBC03F700E}.OIS_DebugDll|x64.Build.0 = OIS_DebugDll|x64
		{9CC704CB-4956-4479-BDEC-57CBC03F700E}.OIS_ReleaseDll|Win32.ActiveCfg = OIS_ReleaseDll|Win32
		{9CC704CB-4956-4479-BDEC-57CBC03F700E}.OIS_ReleaseDll|Win32.Build.0 = OIS_ReleaseDll|Win32
		{9CC704CB-4956-4479-BDEC-57CBC03F700E}.OIS_ReleaseDll|x64.ActiveCfg = OIS_ReleaseDll|x64
		{9CC704CB-4956-4479-BDEC-57CBC03F700E}.OIS_ReleaseDll|x64.Build.0 = OIS_ReleaseDll|x64
		{9CC704CB-4956-4479-BDEC-57CBC03F700E}.Release Multithreaded|Win32.ActiveCfg = Release|x64
		{9CC704CB-4956-4479-BDEC-57CBC03F700E}.Release Multithreaded|x64.ActiveCfg = Release|x64
		{9CC704CB-4956-4479-BDEC-57CBC03F700E}.Release Multithreaded|x64.Build.0 = Release|x64
		{9CC704CB-4956-4479-BDEC-57CBC03F700E}.Release Singlethreaded|Win32.ActiveCfg = Release|x64
		{9CC704CB-4956-4479-BDEC-57CBC03F700E}.Release Singlethreaded|x64.ActiveCfg = Release|x64
		{9CC704CB-4956-4479-BDEC-57CBC03F700E}.Release Singlethreaded|x64.Build.0 = Release|x64
		{9CC704CB-4956-4479-BDEC-57CBC03F700E}.release_nocrypt|Win32.ActiveCfg = Release|x64
		{9CC704CB-4956-4479-BDEC-57CBC03F700E}.release_nocrypt|x64.ActiveCfg = Release|x64
		{9CC704CB-4956-4479-BDEC-57CBC03F700E}.release_nocrypt|x64.Build.0 = Release|x64
		{9CC704CB-4956-4479-BDEC-57CBC03F700E}.Release_SSE|Win32.ActiveCfg = Release|x64
		{9CC704CB-4956-4479-BDEC-57CBC03F700E}.Release_SSE|x64.ActiveCfg = Release|x64
		{9CC704CB-4956-4479-BDEC-57CBC03F700E}.Release_SSE|x64.Build.0 = Release|x64
		{9CC704CB-4956-4479-BDEC-57CBC03F700E}.Release_SSE2|Win32.ActiveCfg = Release|x64
		{9CC704CB-4956-4479-BDEC-57CBC03F700E}.Release_SSE2|x64.ActiveCfg = Release|x64
		{9CC704CB-4956-4479-BDEC-57CBC03F700E}.Release_SSE2|x64.Build.0 = Release|x64
		{9CC704CB-4956-4479-BDEC-57CBC03F700E}.Release|Win32.ActiveCfg = Release|Win32
		{9CC704CB-4956-4479-BDEC-57CBC03F700E}.Release|Win32.Build.0 = Release|Win32
		{9CC704CB-4956-4479-BDEC-57CBC03F700E}.Release|x64.ActiveCfg = Release|x64
		{9CC704CB-4956-4479-BDEC-57CBC03F700E}.Release|x64.Build.0 = Release|x64
		{9CC704CB-4956-4479-BDEC-57CBC03F700E}.Template|Win32.ActiveCfg = Release|x64
		{9CC704CB-4956-4479-BDEC-57CBC03F700E}.Template|x64.ActiveCfg = Release|x64
		{9CC704CB-4956-4479-BDEC-57CBC03F700E}.Template|x64.Build.0 = Release|x64
		{E815C46C-36C4-499F-BBC2-E772C6B17971}.Debug Multithreaded|Win32.ActiveCfg = Debug|x64
		{E815C46C-36C4-499F-BBC2-E772C6B17971}.Debug Multithreaded|x64.ActiveCfg = Debug|x64
		{E815C46C-36C4-499F-BBC2-E772C6B17971}.Debug Multithreaded|x64.Build.0 = Debug|x64
		{E815C46C-36C4-499F-BBC2-E772C6B17971}.Debug Singlethreaded|Win32.ActiveCfg = Debug|x64
		{E815C46C-36C4-499F-BBC2-E772C6B17971}.Debug Singlethreaded|x64.ActiveCfg = Debug|x64
		{E815C46C-36C4-499F-BBC2-E772C6B17971}.Debug Singlethreaded|x64.Build.0 = Debug|x64
		{E815C46C-36C4-499F-BBC2-E772C6B17971}.Debug|Win32.ActiveCfg = Debug|Win32
		{E815C46C-36C4-499F-BBC2-E772C6B17971}.Debug|Win32.Build.0 = Debug|Win32
		{E815C46C-36C4-499F-BBC2-E772C6B17971}.Debug|x64.ActiveCfg = Debug|x64
		{E815C46C-36C4-499F-BBC2-E772C6B17971}.Debug|x64.Build.0 = Debug|x64
		{E815C46C-36C4-499F-BBC2-E772C6B17971}.Develop|Win32.ActiveCfg = Develop|Win32
		{E815C46C-36C4-499F-BBC2-E772C6B17971}.Develop|Win32.Build.0 = Develop|Win32
		{E815C46C-36C4-499F-BBC2-E772C6B17971}.Develop|x64.ActiveCfg = Develop|x64
		{E815C46C-36C4-499F-BBC2-E772C6B17971}.Develop|x64.Build.0 = Develop|x64
		{E815C46C-36C4-499F-BBC2-E772C6B17971}.OIS_DebugDll|Win32.ActiveCfg = Debug|x64
		{E815C46C-36C4-499F-BBC2-E772C6B17971}.OIS_DebugDll|x64.ActiveCfg = Debug|x64
		{E815C46C-36C4-499F-BBC2-E772C6B17971}.OIS_DebugDll|x64.Build.0 = Debug|x64
		{E815C46C-36C4-499F-BBC2-E772C6B17971}.OIS_ReleaseDll|Win32.ActiveCfg = Release|x64
		{E815C46C-36C4-499F-BBC2-E772C6B17971}.OIS_ReleaseDll|x64.ActiveCfg = Release|x64
		{E815C46C-36C4-499F-BBC2-E772C6B17971}.OIS_ReleaseDll|x64.Build.0 = Release|x64
		{E815C46C-36C4-499F-BBC2-E772C6B17971}.Release Multithreaded|Win32.ActiveCfg = Release|x64
		{E815C46C-36C4-499F-BBC2-E772C6B17971}.Release Multithreaded|x64.ActiveCfg = Release|x64
		{E815C46C-36C4-499F-BBC2-E772C6B17971}.Release Multithreaded|x64.Build.0 = Release|x64
		{E815C46C-36C4-499F-BBC2-E772C6B17971}.Release Singlethreaded|Win32.ActiveCfg = Release|x64
		{E815C46C-36C4-499F-BBC2-E772C6B17971}.Release Singlethreaded|x64.ActiveCfg = Release|x64
		{E815C46C-36C4-499F-BBC2-E772C6B17971}.Release Singlethreaded|x64.Build.0 = Release|x64
		{E815C46C-36C4-499F-BBC2-E772C6B17971}.release_nocrypt|Win32.ActiveCfg = release_nocrypt|Win32
		{E815C46C-36C4-499F-BBC2-E772C6B17971}.release_nocrypt|Win32.Build.0 = release_nocrypt|Win32
		{E815C46C-36C4-499F-BBC2-E772C6B17971}.release_nocrypt|x64.ActiveCfg = release_nocrypt|x64
		{E815C46C-36C4-499F-BBC2-E772C6B17971}.release_nocrypt|x64.Build.0 = release_nocrypt|x64
		{E815C46C-36C4-499F-BBC2-E772C6B17971}.Release_SSE|Win32.ActiveCfg = release_nocrypt|x64
		{E815C46C-36C4-499F-BBC2-E772C6B17971}.Release_SSE|x64.ActiveCfg = release_nocrypt|x64
		{E815C46C-36C4-499F-BBC2-E772C6B17971}.Release_SSE|x64.Build.0 = release_nocrypt|x64
		{E815C46C-36C4-499F-BBC2-E772C6B17971}.Release_SSE2|Win32.ActiveCfg = release_nocrypt|x64
		{E815C46C-36C4-499F-BBC2-E772C6B17971}.Release_SSE2|x64.ActiveCfg = release_nocrypt|x64
		{E815C46C-36C4-499F-BBC2-E772C6B17971}.Release_SSE2|x64.Build.0 = release_nocrypt|x64
		{E815C46C-36C4-499F-BBC2-E772C6B17971}.Release|Win32.ActiveCfg = Release|Win32
		{E815C46C-36C4-499F-BBC2-E772C6B17971}.Release|Win32.Build.0 = Release|Win32
		{E815C46C-36C4-499F-BBC2-E772C6B17971}.Release|x64.ActiveCfg = Release|x64
		{E815C46C-36C4-499F-BBC2-E772C6B17971}.Release|x64.Build.0 = Release|x64
		{E815C46C-36C4-499F-BBC2-E772C6B17971}.Template|Win32.ActiveCfg = Release|x64
		{E815C46C-36C4-499F-BBC2-E772C6B17971}.Template|x64.ActiveCfg = Release|x64
		{E815C46C-36C4-499F-BBC2-E772C6B17971}.Template|x64.Build.0 = Release|x64
		{45109401-D424-4EF4-B6AD-EFFF7100C2A1}.Debug Multithreaded|Win32.ActiveCfg = Debug|Win32
		{45109401-D424-4EF4-B6AD-EFFF7100C2A1}.Debug Multithreaded|Win32.Build.0 = Debug|Win32
		{45109401-D424-4EF4-B6AD-EFFF7100C2A1}.Debug Multithreaded|x64.ActiveCfg = Debug|Win32
		{45109401-D424-4EF4-B6AD-EFFF7100C2A1}.Debug Singlethreaded|Win32.ActiveCfg = Debug|Win32
		{45109401-D424-4EF4-B6AD-EFFF7100C2A1}.Debug Singlethreaded|Win32.Build.0 = Debug|Win32
		{45109401-D424-4EF4-B6AD-EFFF7100C2A1}.Debug Singlethreaded|x64.ActiveCfg = Debug|Win32
		{45109401-D424-4EF4-B6AD-EFFF7100C2A1}.Debug|Win32.ActiveCfg = Debug|Win32
		{45109401-D424-4EF4-B6AD-EFFF7100C2A1}.Debug|Win32.Build.0 = Debug|Win32
		{45109401-D424-4EF4-B6AD-EFFF7100C2A1}.Debug|x64.ActiveCfg = Debug|Win32
		{45109401-D424-4EF4-B6AD-EFFF7100C2A1}.Develop|Win32.ActiveCfg = Develop|Win32
		{45109401-D424-4EF4-B6AD-EFFF7100C2A1}.Develop|Win32.Build.0 = Develop|Win32
		{45109401-D424-4EF4-B6AD-EFFF7100C2A1}.Develop|x64.ActiveCfg = Develop|Win32
		{45109401-D424-4EF4-B6AD-EFFF7100C2A1}.OIS_DebugDll|Win32.ActiveCfg = Debug|Win32
		{45109401-D424-4EF4-B6AD-EFFF7100C2A1}.OIS_DebugDll|Win32.Build.0 = Debug|Win32
		{45109401-D424-4EF4-B6AD-EFFF7100C2A1}.OIS_DebugDll|x64.ActiveCfg = Debug|Win32
		{45109401-D424-4EF4-B6AD-EFFF7100C2A1}.OIS_ReleaseDll|Win32.ActiveCfg = Release|Win32
		{45109401-D424-4EF4-B6AD-EFFF7100C2A1}.OIS_ReleaseDll|Win32.Build.0 = Release|Win32
		{45109401-D424-4EF4-B6AD-EFFF7100C2A1}.OIS_ReleaseDll|x64.ActiveCfg = Release|Win32
		{45109401-D424-4EF4-B6AD-EFFF7100C2A1}.Release Multithreaded|Win32.ActiveCfg = Release|Win32
		{45109401-D424-4EF4-B6AD-EFFF7100C2A1}.Release Multithreaded|Win32.Build.0 = Release|Win32
		{45109401-D424-4EF4-B6AD-EFFF7100C2A1}.Release Multithreaded|x64.ActiveCfg = Release|Win32
		{45109401-D424-4EF4-B6AD-EFFF7100C2A1}.Release Singlethreaded|Win32.ActiveCfg = Release|Win32
		{45109401-D424-4EF4-B6AD-EFFF7100C2A1}.Release Singlethreaded|Win32.Build.0 = Release|Win32
		{45109401-D424-4EF4-B6AD-EFFF7100C2A1}.Release Singlethreaded|x64.ActiveCfg = Release|Win32
		{45109401-D424-4EF4-B6AD-EFFF7100C2A1}.release_nocrypt|Win32.ActiveCfg = Release|Win32
		{45109401-D424-4EF4-B6AD-EFFF7100C2A1}.release_nocrypt|Win32.Build.0 = Release|Win32
		{45109401-D424-4EF4-B6AD-EFFF7100C2A1}.release_nocrypt|x64.ActiveCfg = Release|Win32
		{45109401-D424-4EF4-B6AD-EFFF7100C2A1}.Release_SSE|Win32.ActiveCfg = Release|Win32
		{45109401-D424-4EF4-B6AD-EFFF7100C2A1}.Release_SSE|Win32.Build.0 = Release|Win32
		{45109401-D424-4EF4-B6AD-EFFF7100C2A1}.Release_SSE|x64.ActiveCfg = Release|Win32
		{45109401-D424-4EF4-B6AD-EFFF7100C2A1}.Release_SSE2|Win32.ActiveCfg = Release|Win32
		{45109401-D424-4EF4-B6AD-EFFF7100C2A1}.Release_SSE2|Win32.Build.0 = Release|Win32
		{45109401-D424-4EF4-B6AD-EFFF7100C2A1}.Release_SSE2|x64.ActiveCfg = Release|Win32
		{45109401-D424-4EF4-B6AD-EFFF7100C2A1}.Release|Win32.ActiveCfg = Release|Win32
		{45109401-D424-4EF4-B6AD-EFFF7100C2A1}.Release|Win32.Build.0 = Release|Win32
		{45109401-D424-4EF4-B6AD-EFFF7100C2A1}.Release|x64.ActiveCfg = Release|x64
		{45109401-D424-4EF4-B6AD-EFFF7100C2A1}.Template|Win32.ActiveCfg = Release|Win32
		{45109401-D424-4EF4-B6AD-EFFF7100C2A1}.Template|Win32.Build.0 = Release|Win32
		{45109401-D424-4EF4-B6AD-EFFF7100C2A1}.Template|x64.ActiveCfg = Release|Win32
		{937333A9-FF4A-4ABD-9935-CF9EFCEC2A8E}.Debug Multithreaded|Win32.ActiveCfg = Debug|Win32
		{937333A9-FF4A-4ABD-9935-CF9EFCEC2A8E}.Debug Multithreaded|Win32.Build.0 = Debug|Win32
		{937333A9-FF4A-4ABD-9935-CF9EFCEC2A8E}.Debug Multithreaded|x64.ActiveCfg = Debug|Win32
		{937333A9-FF4A-4ABD-9935-CF9EFCEC2A8E}.Debug Singlethreaded|Win32.ActiveCfg = Debug|Win32
		{937333A9-FF4A-4ABD-9935-CF9EFCEC2A8E}.Debug Singlethreaded|Win32.Build.0 = Debug|Win32
		{937333A9-FF4A-4ABD-9935-CF9EFCEC2A8E}.Debug Singlethreaded|x64.ActiveCfg = Debug|Win32
		{937333A9-FF4A-4ABD-9935-CF9EFCEC2A8E}.Debug|Win32.ActiveCfg = Debug|Win32
		{937333A9-FF4A-4ABD-9935-CF9EFCEC2A8E}.Debug|Win32.Build.0 = Debug|Win32
		{937333A9-FF4A-4ABD-9935-CF9EFCEC2A8E}.Debug|x64.ActiveCfg = Debug|Win32
		{937333A9-FF4A-4ABD-9935-CF9EFCEC2A8E}.Develop|Win32.ActiveCfg = Develop|Win32
		{937333A9-FF4A-4ABD-9935-CF9EFCEC2A8E}.Develop|Win32.Build.0 = Develop|Win32
		{937333A9-FF4A-4ABD-9935-CF9EFCEC2A8E}.Develop|x64.ActiveCfg = Develop|Win32
		{937333A9-FF4A-4ABD-9935-CF9EFCEC2A8E}.OIS_DebugDll|Win32.ActiveCfg = Debug|Win32
		{937333A9-FF4A-4ABD-9935-CF9EFCEC2A8E}.OIS_DebugDll|Win32.Build.0 = Debug|Win32
		{937333A9-FF4A-4ABD-9935-CF9EFCEC2A8E}.OIS_DebugDll|x64.ActiveCfg = Debug|Win32
		{937333A9-FF4A-4ABD-9935-CF9EFCEC2A8E}.OIS_ReleaseDll|Win32.ActiveCfg = Release|Win32
		{937333A9-FF4A-4ABD-9935-CF9EFCEC2A8E}.OIS_ReleaseDll|Win32.Build.0 = Release|Win32
		{937333A9-FF4A-4ABD-9935-CF9EFCEC2A8E}.OIS_ReleaseDll|x64.ActiveCfg = Release|Win32
		{937333A9-FF4A-4ABD-9935-CF9EFCEC2A8E}.Release Multithreaded|Win32.ActiveCfg = Release|Win32
		{937333A9-FF4A-4ABD-9935-CF9EFCEC2A8E}.Release Multithreaded|Win32.Build.0 = Release|Win32
		{937333A9-FF4A-4ABD-9935-CF9EFCEC2A8E}.Release Multithreaded|x64.ActiveCfg = Release|Win32
		{937333A9-FF4A-4ABD-9935-CF9EFCEC2A8E}.Release Singlethreaded|Win32.ActiveCfg = Release|Win32
		{937333A9-FF4A-4ABD-9935-CF9EFCEC2A8E}.Release Singlethreaded|Win32.Build.0 = Release|Win32
		{937333A9-FF4A-4ABD-9935-CF9EFCEC2A8E}.Release Singlethreaded|x64.ActiveCfg = Release|Win32
		{937333A9-FF4A-4ABD-9935-CF9EFCEC2A8E}.release_nocrypt|Win32.ActiveCfg = Release|Win32
		{937333A9-FF4A-4ABD-9935-CF9EFCEC2A8E}.release_nocrypt|Win32.Build.0 = Release|Win32
		{937333A9-FF4A-4ABD-9935-CF9EFCEC2A8E}.release_nocrypt|x64.ActiveCfg = Release|Win32
		{937333A9-FF4A-4ABD-9935-CF9EFCEC2A8E}.Release_SSE|Win32.ActiveCfg = Release|Win32
		{937333A9-FF4A-4ABD-9935-CF9EFCEC2A8E}.Release_SSE|Win32.Build.0 = Release|Win32
		{937333A9-FF4A-4ABD-9935-CF9EFCEC2A8E}.Release_SSE|x64.ActiveCfg = Release|Win32
		{937333A9-FF4A-4ABD-9935-CF9EFCEC2A8E}.Release_SSE2|Win32.ActiveCfg = Release|Win32
		{937333A9-FF4A-4ABD-9935-CF9EFCEC2A8E}.Release_SSE2|Win32.Build.0 = Release|Win32
		{937333A9-FF4A-4ABD-9935-CF9EFCEC2A8E}.Release_SSE2|x64.ActiveCfg = Release|Win32
		{937333A9-FF4A-4ABD-9935-CF9EFCEC2A8E}.Release|Win32.ActiveCfg = Release|Win32
		{937333A9-FF4A-4ABD-9935-CF9EFCEC2A8E}.Release|Win32.Build.0 = Release|Win32
		{937333A9-FF4A-4ABD-9935-CF9EFCEC2A8E}.Release|x64.ActiveCfg = Release|Win32
		{937333A9-FF4A-4ABD-9935-CF9EFCEC2A8E}.Template|Win32.ActiveCfg = Release|Win32
		{937333A9-FF4A-4ABD-9935-CF9EFCEC2A8E}.Template|Win32.Build.0 = Release|Win32
		{937333A9-FF4A-4ABD-9935-CF9EFCEC2A8E}.Template|x64.ActiveCfg = Release|Win32
		{A7DE6B01-9F4D-4B62-89A6-45879F48D214}.Debug Multithreaded|Win32.ActiveCfg = Debug|Win32
		{A7DE6B01-9F4D-4B62-89A6-45879F48D214}.Debug Multithreaded|Win32.Build.0 = Debug|Win32
		{A7DE6B01-9F4D-4B62-89A6-45879F48D214}.Debug Multithreaded|x64.ActiveCfg = Debug|Win32
		{A7DE6B01-9F4D-4B62-89A6-45879F48D214}.Debug Singlethreaded|Win32.ActiveCfg = Debug|Win32
		{A7DE6B01-9F4D-4B62-89A6-45879F48D214}.Debug Singlethreaded|Win32.Build.0 = Debug|Win32
		{A7DE6B01-9F4D-4B62-89A6-45879F48D214}.Debug Singlethreaded|x64.ActiveCfg = Debug|Win32
		{A7DE6B01-9F4D-4B62-89A6-45879F48D214}.Debug|Win32.ActiveCfg = Debug|Win32
		{A7DE6B01-9F4D-4B62-89A6-45879F48D214}.Debug|Win32.Build.0 = Debug|Win32
		{A7DE6B01-9F4D-4B62-89A6-45879F48D214}.Debug|x64.ActiveCfg = Debug|Win32
		{A7DE6B01-9F4D-4B62-89A6-45879F48D214}.Develop|Win32.ActiveCfg = Develop|Win32
		{A7DE6B01-9F4D-4B62-89A6-45879F48D214}.Develop|Win32.Build.0 = Develop|Win32
		{A7DE6B01-9F4D-4B62-89A6-45879F48D214}.Develop|x64.ActiveCfg = Develop|Win32
		{A7DE6B01-9F4D-4B62-89A6-45879F48D214}.OIS_DebugDll|Win32.ActiveCfg = Debug|Win32
		{A7DE6B01-9F4D-4B62-89A6-45879F48D214}.OIS_DebugDll|Win32.Build.0 = Debug|Win32
		{A7DE6B01-9F4D-4B62-89A6-45879F48D214}.OIS_DebugDll|x64.ActiveCfg = Debug|Win32
		{A7DE6B01-9F4D-4B62-89A6-45879F48D214}.OIS_ReleaseDll|Win32.ActiveCfg = Release|Win32
		{A7DE6B01-9F4D-4B62-89A6-45879F48D214}.OIS_ReleaseDll|Win32.Build.0 = Release|Win32
		{A7DE6B01-9F4D-4B62-89A6-45879F48D214}.OIS_ReleaseDll|x64.ActiveCfg = Release|Win32
		{A7DE6B01-9F4D-4B62-89A6-45879F48D214}.Release Multithreaded|Win32.ActiveCfg = Release|Win32
		{A7DE6B01-9F4D-4B62-89A6-45879F48D214}.Release Multithreaded|Win32.Build.0 = Release|Win32
		{A7DE6B01-9F4D-4B62-89A6-45879F48D214}.Release Multithreaded|x64.ActiveCfg = Release|Win32
		{A7DE6B01-9F4D-4B62-89A6-45879F48D214}.Release Singlethreaded|Win32.ActiveCfg = Release|Win32
		{A7DE6B01-9F4D-4B62-89A6-45879F48D214}.Release Singlethreaded|Win32.Build.0 = Release|Win32
		{A7DE6B01-9F4D-4B62-89A6-45879F48D214}.Release Singlethreaded|x64.ActiveCfg = Release|Win32
		{A7DE6B01-9F4D-4B62-89A6-45879F48D214}.release_nocrypt|Win32.ActiveCfg = Release|Win32
		{A7DE6B01-9F4D-4B62-89A6-45879F48D214}.release_nocrypt|Win32.Build.0 = Release|Win32
		{A7DE6B01-9F4D-4B62-89A6-45879F48D214}.release_nocrypt|x64.ActiveCfg = Release|Win32
		{A7DE6B01-9F4D-4B62-89A6-45879F48D214}.Release_SSE|Win32.ActiveCfg = Release|Win32
		{A7DE6B01-9F4D-4B62-89A6-45879F48D214}.Release_SSE|Win32.Build.0 = Release|Win32
		{A7DE6B01-9F4D-4B62-89A6-45879F48D214}.Release_SSE|x64.ActiveCfg = Release|Win32
		{A7DE6B01-9F4D-4B62-89A6-45879F48D214}.Release_SSE2|Win32.ActiveCfg = Release|Win32
		{A7DE6B01-9F4D-4B62-89A6-45879F48D214}.Release_SSE2|Win32.Build.0 = Release|Win32
		{A7DE6B01-9F4D-4B62-89A6-45879F48D214}.Release_SSE2|x64.ActiveCfg = Release|Win32
		{A7DE6B01-9F4D-4B62-89A6-45879F48D214}.Release|Win32.ActiveCfg = Release|Win32
		{A7DE6B01-9F4D-4B62-89A6-45879F48D214}.Release|Win32.Build.0 = Release|Win32
		{A7DE6B01-9F4D-4B62-89A6-45879F48D214}.Release|x64.ActiveCfg = Release|Win32
		{A7DE6B01-9F4D-4B62-89A6-45879F48D214}.Template|Win32.ActiveCfg = Release|Win32
		{A7DE6B01-9F4D-4B62-89A6-45879F48D214}.Template|Win32.Build.0 = Release|Win32
		{A7DE6B01-9F4D-4B62-89A6-45879F48D214}.Template|x64.ActiveCfg = Release|Win32
		{0255BEC2-3188-4BD1-9B3C-4C1E66C4AC09}.Debug Multithreaded|Win32.ActiveCfg = Debug|Win32
		{0255BEC2-3188-4BD1-9B3C-4C1E66C4AC09}.Debug Multithreaded|Win32.Build.0 = Debug|Win32
		{0255BEC2-3188-4BD1-9B3C-4C1E66C4AC09}.Debug Multithreaded|x64.ActiveCfg = Debug|Win32
		{0255BEC2-3188-4BD1-9B3C-4C1E66C4AC09}.Debug Singlethreaded|Win32.ActiveCfg = Debug|Win32
		{0255BEC2-3188-4BD1-9B3C-4C1E66C4AC09}.Debug Singlethreaded|Win32.Build.0 = Debug|Win32
		{0255BEC2-3188-4BD1-9B3C-4C1E66C4AC09}.Debug Singlethreaded|x64.ActiveCfg = Debug|Win32
		{0255BEC2-3188-4BD1-9B3C-4C1E66C4AC09}.Debug|Win32.ActiveCfg = Debug|Win32
		{0255BEC2-3188-4BD1-9B3C-4C1E66C4AC09}.Debug|Win32.Build.0 = Debug|Win32
		{0255BEC2-3188-4BD1-9B3C-4C1E66C4AC09}.Debug|x64.ActiveCfg = Debug|Win32
		{0255BEC2-3188-4BD1-9B3C-4C1E66C4AC09}.Develop|Win32.ActiveCfg = Develop|Win32
		{0255BEC2-3188-4BD1-9B3C-4C1E66C4AC09}.Develop|Win32.Build.0 = Develop|Win32
		{0255BEC2-3188-4BD1-9B3C-4C1E66C4AC09}.Develop|x64.ActiveCfg = Develop|Win32
		{0255BEC2-3188-4BD1-9B3C-4C1E66C4AC09}.OIS_DebugDll|Win32.ActiveCfg = Debug|Win32
		{0255BEC2-3188-4BD1-9B3C-4C1E66C4AC09}.OIS_DebugDll|Win32.Build.0 = Debug|Win32
		{0255BEC2-3188-4BD1-9B3C-4C1E66C4AC09}.OIS_DebugDll|x64.ActiveCfg = Debug|Win32
		{0255BEC2-3188-4BD1-9B3C-4C1E66C4AC09}.OIS_ReleaseDll|Win32.ActiveCfg = Release|Win32
		{0255BEC2-3188-4BD1-9B3C-4C1E66C4AC09}.OIS_ReleaseDll|Win32.Build.0 = Release|Win32
		{0255BEC2-3188-4BD1-9B3C-4C1E66C4AC09}.OIS_ReleaseDll|x64.ActiveCfg = Release|Win32
		{0255BEC2-3188-4BD1-9B3C-4C1E66C4AC09}.Release Multithreaded|Win32.ActiveCfg = Release|Win32
		{0255BEC2-3188-4BD1-9B3C-4C1E66C4AC09}.Release Multithreaded|Win32.Build.0 = Release|Win32
		{0255BEC2-3188-4BD1-9B3C-4C1E66C4AC09}.Release Multithreaded|x64.ActiveCfg = Release|Win32
		{0255BEC2-3188-4BD1-9B3C-4C1E66C4AC09}.Release Singlethreaded|Win32.ActiveCfg = Release|Win32
		{0255BEC2-3188-4BD1-9B3C-4C1E66C4AC09}.Release Singlethreaded|Win32.Build.0 = Release|Win32
		{0255BEC2-3188-4BD1-9B3C-4C1E66C4AC09}.Release Singlethreaded|x64.ActiveCfg = Release|Win32
		{0255BEC2-3188-4BD1-9B3C-4C1E66C4AC09}.release_nocrypt|Win32.ActiveCfg = Release|Win32
		{0255BEC2-3188-4BD1-9B3C-4C1E66C4AC09}.release_nocrypt|Win32.Build.0 = Release|Win32
		{0255BEC2-3188-4BD1-9B3C-4C1E66C4AC09}.release_nocrypt|x64.ActiveCfg = Release|Win32
		{0255BEC2-3188-4BD1-9B3C-4C1E66C4AC09}.Release_SSE|Win32.ActiveCfg = Release|Win32
		{0255BEC2-3188-4BD1-9B3C-4C1E66C4AC09}.Release_SSE|Win32.Build.0 = Release|Win32
		{0255BEC2-3188-4BD1-9B3C-4C1E66C4AC09}.Release_SSE|x64.ActiveCfg = Release|Win32
		{0255BEC2-3188-4BD1-9B3C-4C1E66C4AC09}.Release_SSE2|Win32.ActiveCfg = Release|Win32
		{0255BEC2-3188-4BD1-9B3C-4C1E66C4AC09}.Release_SSE2|Win32.Build.0 = Release|Win32
		{0255BEC2-3188-4BD1-9B3C-4C1E66C4AC09}.Release_SSE2|x64.ActiveCfg = Release|Win32
		{0255BEC2-3188-4BD1-9B3C-4C1E66C4AC09}.Release|Win32.ActiveCfg = Release|Win32
		{0255BEC2-3188-4BD1-9B3C-4C1E66C4AC09}.Release|Win32.Build.0 = Release|Win32
		{0255BEC2-3188-4BD1-9B3C-4C1E66C4AC09}.Release|x64.ActiveCfg = Release|Win32
		{0255BEC2-3188-4BD1-9B3C-4C1E66C4AC09}.Template|Win32.ActiveCfg = Release|Win32
		{0255BEC2-3188-4BD1-9B3C-4C1E66C4AC09}.Template|Win32.Build.0 = Release|Win32
		{0255BEC2-3188-4BD1-9B3C-4C1E66C4AC09}.Template|x64.ActiveCfg = Release|Win32
		{CBC61B9C-C611-401C-8011-0E4642144EEE}.Debug Multithreaded|Win32.ActiveCfg = Debug|Win32
		{CBC61B9C-C611-401C-8011-0E4642144EEE}.Debug Multithreaded|Win32.Build.0 = Debug|Win32
		{CBC61B9C-C611-401C-8011-0E4642144EEE}.Debug Multithreaded|x64.ActiveCfg = Debug|Win32
		{CBC61B9C-C611-401C-8011-0E4642144EEE}.Debug Singlethreaded|Win32.ActiveCfg = Debug|Win32
		{CBC61B9C-C611-401C-8011-0E4642144EEE}.Debug Singlethreaded|Win32.Build.0 = Debug|Win32
		{CBC61B9C-C611-401C-8011-0E4642144EEE}.Debug Singlethreaded|x64.ActiveCfg = Debug|Win32
		{CBC61B9C-C611-401C-8011-0E4642144EEE}.Debug|Win32.ActiveCfg = Debug|Win32
		{CBC61B9C-C611-401C-8011-0E4642144EEE}.Debug|Win32.Build.0 = Debug|Win32
		{CBC61B9C-C611-401C-8011-0E4642144EEE}.Debug|x64.ActiveCfg = Debug|Win32
		{CBC61B9C-C611-401C-8011-0E4642144EEE}.Develop|Win32.ActiveCfg = Develop|Win32
		{CBC61B9C-C611-401C-8011-0E4642144EEE}.Develop|Win32.Build.0 = Develop|Win32
		{CBC61B9C-C611-401C-8011-0E4642144EEE}.Develop|x64.ActiveCfg = Develop|Win32
		{CBC61B9C-C611-401C-8011-0E4642144EEE}.OIS_DebugDll|Win32.ActiveCfg = Debug|Win32
		{CBC61B9C-C611-401C-8011-0E4642144EEE}.OIS_DebugDll|Win32.Build.0 = Debug|Win32
		{CBC61B9C-C611-401C-8011-0E4642144EEE}.OIS_DebugDll|x64.ActiveCfg = Debug|Win32
		{CBC61B9C-C611-401C-8011-0E4642144EEE}.OIS_ReleaseDll|Win32.ActiveCfg = Release|Win32
		{CBC61B9C-C611-401C-8011-0E4642144EEE}.OIS_ReleaseDll|Win32.Build.0 = Release|Win32
		{CBC61B9C-C611-401C-8011-0E4642144EEE}.OIS_ReleaseDll|x64.ActiveCfg = Release|Win32
		{CBC61B9C-C611-401C-8011-0E4642144EEE}.Release Multithreaded|Win32.ActiveCfg = Release|Win32
		{CBC61B9C-C611-401C-8011-0E4642144EEE}.Release Multithreaded|Win32.Build.0 = Release|Win32
		{CBC61B9C-C611-401C-8011-0E4642144EEE}.Release Multithreaded|x64.ActiveCfg = Release|Win32
		{CBC61B9C-C611-401C-8011-0E4642144EEE}.Release Singlethreaded|Win32.ActiveCfg = Release|Win32
		{CBC61B9C-C611-401C-8011-0E4642144EEE}.Release Singlethreaded|Win32.Build.0 = Release|Win32
		{CBC61B9C-C611-401C-8011-0E4642144EEE}.Release Singlethreaded|x64.ActiveCfg = Release|Win32
		{CBC61B9C-C611-401C-8011-0E4642144EEE}.release_nocrypt|Win32.ActiveCfg = Release|Win32
		{CBC61B9C-C611-401C-8011-0E4642144EEE}.release_nocrypt|Win32.Build.0 = Release|Win32
		{CBC61B9C-C611-401C-8011-0E4642144EEE}.release_nocrypt|x64.ActiveCfg = Release|Win32
		{CBC61B9C-C611-401C-8011-0E4642144EEE}.Release_SSE|Win32.ActiveCfg = Release|Win32
		{CBC61B9C-C611-401C-8011-0E4642144EEE}.Release_SSE|Win32.Build.0 = Release|Win32
		{CBC61B9C-C611-401C-8011-0E4642144EEE}.Release_SSE|x64.ActiveCfg = Release|Win32
		{CBC61B9C-C611-401C-8011-0E4642144EEE}.Release_SSE2|Win32.ActiveCfg = Release|Win32
		{CBC61B9C-C611-401C-8011-0E4642144EEE}.Release_SSE2|Win32.Build.0 = Release|Win32
		{CBC61B9C-C611-401C-8011-0E4642144EEE}.Release_SSE2|x64.ActiveCfg = Release|Win32
		{CBC61B9C-C611-401C-8011-0E4642144EEE}.Release|Win32.ActiveCfg = Release|Win32
		{CBC61B9C-C611-401C-8011-0E4642144EEE}.Release|Win32.Build.0 = Release|Win32
		{CBC61B9C-C611-401C-8011-0E4642144EEE}.Release|x64.ActiveCfg = Release|Win32
		{CBC61B9C-C611-401C-8011-0E4642144EEE}.Template|Win32.ActiveCfg = Release|Win32
		{CBC61B9C-C611-401C-8011-0E4642144EEE}.Template|Win32.Build.0 = Release|Win32
		{CBC61B9C-C611-401C-8011-0E4642144EEE}.Template|x64.ActiveCfg = Release|Win32
		{F791CDCD-3F15-447B-91D6-BB3FBC07261A}.Debug Multithreaded|Win32.ActiveCfg = Debug|Win32
		{F791CDCD-3F15-447B-91D6-BB3FBC07261A}.Debug Multithreaded|Win32.Build.0 = Debug|Win32
		{F791CDCD-3F15-447B-91D6-BB3FBC07261A}.Debug Multithreaded|x64.ActiveCfg = Debug|Win32
		{F791CDCD-3F15-447B-91D6-BB3FBC07261A}.Debug Singlethreaded|Win32.ActiveCfg = Debug|Win32
		{F791CDCD-3F15-447B-91D6-BB3FBC07261A}.Debug Singlethreaded|Win32.Build.0 = Debug|Win32
		{F791CDCD-3F15-447B-91D6-BB3FBC07261A}.Debug Singlethreaded|x64.ActiveCfg = Debug|Win32
		{F791CDCD-3F15-447B-91D6-BB3FBC07261A}.Debug|Win32.ActiveCfg = Debug|Win32
		{F791CDCD-3F15-447B-91D6-BB3FBC07261A}.Debug|Win32.Build.0 = Debug|Win32
		{F791CDCD-3F15-447B-91D6-BB3FBC07261A}.Debug|x64.ActiveCfg = Debug|Win32
		{F791CDCD-3F15-447B-91D6-BB3FBC07261A}.Develop|Win32.ActiveCfg = Develop|Win32
		{F791CDCD-3F15-447B-91D6-BB3FBC07261A}.Develop|Win32.Build.0 = Develop|Win32
		{F791CDCD-3F15-447B-91D6-BB3FBC07261A}.Develop|x64.ActiveCfg = Develop|Win32
		{F791CDCD-3F15-447B-91D6-BB3FBC07261A}.OIS_DebugDll|Win32.ActiveCfg = Debug|Win32
		{F791CDCD-3F15-447B-91D6-BB3FBC07261A}.OIS_DebugDll|Win32.Build.0 = Debug|Win32
		{F791CDCD-3F15-447B-91D6-BB3FBC07261A}.OIS_DebugDll|x64.ActiveCfg = Debug|Win32
		{F791CDCD-3F15-447B-91D6-BB3FBC07261A}.OIS_ReleaseDll|Win32.ActiveCfg = Release|Win32
		{F791CDCD-3F15-447B-91D6-BB3FBC07261A}.OIS_ReleaseDll|Win32.Build.0 = Release|Win32
		{F791CDCD-3F15-447B-91D6-BB3FBC07261A}.OIS_ReleaseDll|x64.ActiveCfg = Release|Win32
		{F791CDCD-3F15-447B-91D6-BB3FBC07261A}.Release Multithreaded|Win32.ActiveCfg = Release|Win32
		{F791CDCD-3F15-447B-91D6-BB3FBC07261A}.Release Multithreaded|Win32.Build.0 = Release|Win32
		{F791CDCD-3F15-447B-91D6-BB3FBC07261A}.Release Multithreaded|x64.ActiveCfg = Release|Win32
		{F791CDCD-3F15-447B-91D6-BB3FBC07261A}.Release Singlethreaded|Win32.ActiveCfg = Release|Win32
		{F791CDCD-3F15-447B-91D6-BB3FBC07261A}.Release Singlethreaded|Win32.Build.0 = Release|Win32
		{F791CDCD-3F15-447B-91D6-BB3FBC07261A}.Release Singlethreaded|x64.ActiveCfg = Release|Win32
		{F791CDCD-3F15-447B-91D6-BB3FBC07261A}.release_nocrypt|Win32.ActiveCfg = Release|Win32
		{F791CDCD-3F15-447B-91D6-BB3FBC07261A}.release_nocrypt|Win32.Build.0 = Release|Win32
		{F791CDCD-3F15-447B-91D6-BB3FBC07261A}.release_nocrypt|x64.ActiveCfg = Release|Win32
		{F791CDCD-3F15-447B-91D6-BB3FBC07261A}.Release_SSE|Win32.ActiveCfg = Release|Win32
		{F791CDCD-3F15-447B-91D6-BB3FBC07261A}.Release_SSE|Win32.Build.0 = Release|Win32
		{F791CDCD-3F15-447B-91D6-BB3FBC07261A}.Release_SSE|x64.ActiveCfg = Release|Win32
		{F791CDCD-3F15-447B-91D6-BB3FBC07261A}.Release_SSE2|Win32.ActiveCfg = Release|Win32
		{F791CDCD-3F15-447B-91D6-BB3FBC07261A}.Release_SSE2|Win32.Build.0 = Release|Win32
		{F791CDCD-3F15-447B-91D6-BB3FBC07261A}.Release_SSE2|x64.ActiveCfg = Release|Win32
		{F791CDCD-3F15-447B-91D6-BB3FBC07261A}.Release|Win32.ActiveCfg = Release|Win32
		{F791CDCD-3F15-447B-91D6-BB3FBC07261A}.Release|Win32.Build.0 = Release|Win32
		{F791CDCD-3F15-447B-91D6-BB3FBC07261A}.Release|x64.ActiveCfg = Release|Win32
		{F791CDCD-3F15-447B-91D6-BB3FBC07261A}.Template|Win32.ActiveCfg = Release|Win32
		{F791CDCD-3F15-447B-91D6-BB3FBC07261A}.Template|Win32.Build.0 = Release|Win32
		{F791CDCD-3F15-447B-91D6-BB3FBC07261A}.Template|x64.ActiveCfg = Release|Win32
		{85E5B072-BE62-4B4F-BB80-9CA405A9ABC7}.Debug Multithreaded|Win32.ActiveCfg = Debug|Win32
		{85E5B072-BE62-4B4F-BB80-9CA405A9ABC7}.Debug Multithreaded|Win32.Build.0 = Debug|Win32
		{85E5B072-BE62-4B4F-BB80-9CA405A9ABC7}.Debug Multithreaded|x64.ActiveCfg = Debug|Win32
		{85E5B072-BE62-4B4F-BB80-9CA405A9ABC7}.Debug Singlethreaded|Win32.ActiveCfg = Debug|Win32
		{85E5B072-BE62-4B4F-BB80-9CA405A9ABC7}.Debug Singlethreaded|Win32.Build.0 = Debug|Win32
		{85E5B072-BE62-4B4F-BB80-9CA405A9ABC7}.Debug Singlethreaded|x64.ActiveCfg = Debug|Win32
		{85E5B072-BE62-4B4F-BB80-9CA405A9ABC7}.Debug|Win32.ActiveCfg = Debug|Win32
		{85E5B072-BE62-4B4F-BB80-9CA405A9ABC7}.Debug|Win32.Build.0 = Debug|Win32
		{85E5B072-BE62-4B4F-BB80-9CA405A9ABC7}.Debug|x64.ActiveCfg = Debug|Win32
		{85E5B072-BE62-4B4F-BB80-9CA405A9ABC7}.Develop|Win32.ActiveCfg = Develop|Win32
		{85E5B072-BE62-4B4F-BB80-9CA405A9ABC7}.Develop|Win32.Build.0 = Develop|Win32
		{85E5B072-BE62-4B4F-BB80-9CA405A9ABC7}.Develop|x64.ActiveCfg = Develop|Win32
		{85E5B072-BE62-4B4F-BB80-9CA405A9ABC7}.OIS_DebugDll|Win32.ActiveCfg = Debug|Win32
		{85E5B072-BE62-4B4F-BB80-9CA405A9ABC7}.OIS_DebugDll|Win32.Build.0 = Debug|Win32
		{85E5B072-BE62-4B4F-BB80-9CA405A9ABC7}.OIS_DebugDll|x64.ActiveCfg = Debug|Win32
		{85E5B072-BE62-4B4F-BB80-9CA405A9ABC7}.OIS_ReleaseDll|Win32.ActiveCfg = Release|Win32
		{85E5B072-BE62-4B4F-BB80-9CA405A9ABC7}.OIS_ReleaseDll|Win32.Build.0 = Release|Win32
		{85E5B072-BE62-4B4F-BB80-9CA405A9ABC7}.OIS_ReleaseDll|x64.ActiveCfg = Release|Win32
		{85E5B072-BE62-4B4F-BB80-9CA405A9ABC7}.Release Multithreaded|Win32.ActiveCfg = Release|Win32
		{85E5B072-BE62-4B4F-BB80-9CA405A9ABC7}.Release Multithreaded|Win32.Build.0 = Release|Win32
		{85E5B072-BE62-4B4F-BB80-9CA405A9ABC7}.Release Multithreaded|x64.ActiveCfg = Release|Win32
		{85E5B072-BE62-4B4F-BB80-9CA405A9ABC7}.Release Singlethreaded|Win32.ActiveCfg = Release|Win32
		{85E5B072-BE62-4B4F-BB80-9CA405A9ABC7}.Release Singlethreaded|Win32.Build.0 = Release|Win32
		{85E5B072-BE62-4B4F-BB80-9CA405A9ABC7}.Release Singlethreaded|x64.ActiveCfg = Release|Win32
		{85E5B072-BE62-4B4F-BB80-9CA405A9ABC7}.release_nocrypt|Win32.ActiveCfg = Release|Win32
		{85E5B072-BE62-4B4F-BB80-9CA405A9ABC7}.release_nocrypt|Win32.Build.0 = Release|Win32
		{85E5B072-BE62-4B4F-BB80-9CA405A9ABC7}.release_nocrypt|x64.ActiveCfg = Release|Win32
		{85E5B072-BE62-4B4F-BB80-9CA405A9ABC7}.Release_SSE|Win32.ActiveCfg = Release|Win32
		{85E5B072-BE62-4B4F-BB80-9CA405A9ABC7}.Release_SSE|Win32.Build.0 = Release|Win32
		{85E5B072-BE62-4B4F-BB80-9CA405A9ABC7}.Release_SSE|x64.ActiveCfg = Release|Win32
		{85E5B072-BE62-4B4F-BB80-9CA405A9ABC7}.Release_SSE2|Win32.ActiveCfg = Release|Win32
		{85E5B072-BE62-4B4F-BB80-9CA405A9ABC7}.Release_SSE2|Win32.Build.0 = Release|Win32
		{85E5B072-BE62-4B4F-BB80-9CA405A9ABC7}.Release_SSE2|x64.ActiveCfg = Release|Win32
		{85E5B072-BE62-4B4F-BB80-9CA405A9ABC7}.Release|Win32.ActiveCfg = Release|Win32
		{85E5B072-BE62-4B4F-BB80-9CA405A9ABC7}.Release|Win32.Build.0 = Release|Win32
		{85E5B072-BE62-4B4F-BB80-9CA405A9ABC7}.Release|x64.ActiveCfg = Release|Win32
		{85E5B072-BE62-4B4F-BB80-9CA405A9ABC7}.Template|Win32.ActiveCfg = Release|Win32
		{85E5B072-BE62-4B4F-BB80-9CA405A9ABC7}.Template|Win32.Build.0 = Release|Win32
		{85E5B072-BE62-4B4F-BB80-9CA405A9ABC7}.Template|x64.ActiveCfg = Release|Win32
		{87167A6E-EEB3-41D1-98A8-4609693D3E90}.Debug Multithreaded|Win32.ActiveCfg = Debug|Win32
		{87167A6E-EEB3-41D1-98A8-4609693D3E90}.Debug Multithreaded|Win32.Build.0 = Debug|Win32
		{87167A6E-EEB3-41D1-98A8-4609693D3E90}.Debug Multithreaded|x64.ActiveCfg = Debug|Win32
		{87167A6E-EEB3-41D1-98A8-4609693D3E90}.Debug Singlethreaded|Win32.ActiveCfg = Debug|Win32
		{87167A6E-EEB3-41D1-98A8-4609693D3E90}.Debug Singlethreaded|Win32.Build.0 = Debug|Win32
		{87167A6E-EEB3-41D1-98A8-4609693D3E90}.Debug Singlethreaded|x64.ActiveCfg = Debug|Win32
		{87167A6E-EEB3-41D1-98A8-4609693D3E90}.Debug|Win32.ActiveCfg = Debug|Win32
		{87167A6E-EEB3-41D1-98A8-4609693D3E90}.Debug|Win32.Build.0 = Debug|Win32
		{87167A6E-EEB3-41D1-98A8-4609693D3E90}.Debug|x64.ActiveCfg = Debug|Win32
		{87167A6E-EEB3-41D1-98A8-4609693D3E90}.Develop|Win32.ActiveCfg = Develop|Win32
		{87167A6E-EEB3-41D1-98A8-4609693D3E90}.Develop|Win32.Build.0 = Develop|Win32
		{87167A6E-EEB3-41D1-98A8-4609693D3E90}.Develop|x64.ActiveCfg = Develop|Win32
		{87167A6E-EEB3-41D1-98A8-4609693D3E90}.OIS_DebugDll|Win32.ActiveCfg = Debug|Win32
		{87167A6E-EEB3-41D1-98A8-4609693D3E90}.OIS_DebugDll|Win32.Build.0 = Debug|Win32
		{87167A6E-EEB3-41D1-98A8-4609693D3E90}.OIS_DebugDll|x64.ActiveCfg = Debug|Win32
		{87167A6E-EEB3-41D1-98A8-4609693D3E90}.OIS_ReleaseDll|Win32.ActiveCfg = Release|Win32
		{87167A6E-EEB3-41D1-98A8-4609693D3E90}.OIS_ReleaseDll|Win32.Build.0 = Release|Win32
		{87167A6E-EEB3-41D1-98A8-4609693D3E90}.OIS_ReleaseDll|x64.ActiveCfg = Release|Win32
		{87167A6E-EEB3-41D1-98A8-4609693D3E90}.Release Multithreaded|Win32.ActiveCfg = Release|Win32
		{87167A6E-EEB3-41D1-98A8-4609693D3E90}.Release Multithreaded|Win32.Build.0 = Release|Win32
		{87167A6E-EEB3-41D1-98A8-4609693D3E90}.Release Multithreaded|x64.ActiveCfg = Release|Win32
		{87167A6E-EEB3-41D1-98A8-4609693D3E90}.Release Singlethreaded|Win32.ActiveCfg = Release|Win32
		{87167A6E-EEB3-41D1-98A8-4609693D3E90}.Release Singlethreaded|Win32.Build.0 = Release|Win32
		{87167A6E-EEB3-41D1-98A8-4609693D3E90}.Release Singlethreaded|x64.ActiveCfg = Release|Win32
		{87167A6E-EEB3-41D1-98A8-4609693D3E90}.release_nocrypt|Win32.ActiveCfg = Release|Win32
		{87167A6E-EEB3-41D1-98A8-4609693D3E90}.release_nocrypt|Win32.Build.0 = Release|Win32
		{87167A6E-EEB3-41D1-98A8-4609693D3E90}.release_nocrypt|x64.ActiveCfg = Release|Win32
		{87167A6E-EEB3-41D1-98A8-4609693D3E90}.Release_SSE|Win32.ActiveCfg = Release|Win32
		{87167A6E-EEB3-41D1-98A8-4609693D3E90}.Release_SSE|Win32.Build.0 = Release|Win32
		{87167A6E-EEB3-41D1-98A8-4609693D3E90}.Release_SSE|x64.ActiveCfg = Release|Win32
		{87167A6E-EEB3-41D1-98A8-4609693D3E90}.Release_SSE2|Win32.ActiveCfg = Release|Win32
		{87167A6E-EEB3-41D1-98A8-4609693D3E90}.Release_SSE2|Win32.Build.0 = Release|Win32
		{87167A6E-EEB3-41D1-98A8-4609693D3E90}.Release_SSE2|x64.ActiveCfg = Release|Win32
		{87167A6E-EEB3-41D1-98A8-4609693D3E90}.Release|Win32.ActiveCfg = Release|Win32
		{87167A6E-EEB3-41D1-98A8-4609693D3E90}.Release|Win32.Build.0 = Release|Win32
		{87167A6E-EEB3-41D1-98A8-4609693D3E90}.Release|x64.ActiveCfg = Release|Win32
		{87167A6E-EEB3-41D1-98A8-4609693D3E90}.Template|Win32.ActiveCfg = Release|Win32
		{87167A6E-EEB3-41D1-98A8-4609693D3E90}.Template|Win32.Build.0 = Release|Win32
		{87167A6E-EEB3-41D1-98A8-4609693D3E90}.Template|x64.ActiveCfg = Release|Win32
		{B37BF131-4639-470F-9AAA-C6E35EA8644C}.Debug Multithreaded|Win32.ActiveCfg = Debug|Win32
		{B37BF131-4639-470F-9AAA-C6E35EA8644C}.Debug Multithreaded|Win32.Build.0 = Debug|Win32
		{B37BF131-4639-470F-9AAA-C6E35EA8644C}.Debug Multithreaded|x64.ActiveCfg = Debug|Win32
		{B37BF131-4639-470F-9AAA-C6E35EA8644C}.Debug Singlethreaded|Win32.ActiveCfg = Debug|Win32
		{B37BF131-4639-470F-9AAA-C6E35EA8644C}.Debug Singlethreaded|Win32.Build.0 = Debug|Win32
		{B37BF131-4639-470F-9AAA-C6E35EA8644C}.Debug Singlethreaded|x64.ActiveCfg = Debug|Win32
		{B37BF131-4639-470F-9AAA-C6E35EA8644C}.Debug|Win32.ActiveCfg = Debug|Win32
		{B37BF131-4639-470F-9AAA-C6E35EA8644C}.Debug|Win32.Build.0 = Debug|Win32
		{B37BF131-4639-470F-9AAA-C6E35EA8644C}.Debug|x64.ActiveCfg = Debug|Win32
		{B37BF131-4639-470F-9AAA-C6E35EA8644C}.Develop|Win32.ActiveCfg = Develop|Win32
		{B37BF131-4639-470F-9AAA-C6E35EA8644C}.Develop|Win32.Build.0 = Develop|Win32
		{B37BF131-4639-470F-9AAA-C6E35EA8644C}.Develop|x64.ActiveCfg = Develop|Win32
		{B37BF131-4639-470F-9AAA-C6E35EA8644C}.OIS_DebugDll|Win32.ActiveCfg = Debug|Win32
		{B37BF131-4639-470F-9AAA-C6E35EA8644C}.OIS_DebugDll|Win32.Build.0 = Debug|Win32
		{B37BF131-4639-470F-9AAA-C6E35EA8644C}.OIS_DebugDll|x64.ActiveCfg = Debug|Win32
		{B37BF131-4639-470F-9AAA-C6E35EA8644C}.OIS_ReleaseDll|Win32.ActiveCfg = Release|Win32
		{B37BF131-4639-470F-9AAA-C6E35EA8644C}.OIS_ReleaseDll|Win32.Build.0 = Release|Win32
		{B37BF131-4639-470F-9AAA-C6E35EA8644C}.OIS_ReleaseDll|x64.ActiveCfg = Release|Win32
		{B37BF131-4639-470F-9AAA-C6E35EA8644C}.Release Multithreaded|Win32.ActiveCfg = Release|Win32
		{B37BF131-4639-470F-9AAA-C6E35EA8644C}.Release Multithreaded|Win32.Build.0 = Release|Win32
		{B37BF131-4639-470F-9AAA-C6E35EA8644C}.Release Multithreaded|x64.ActiveCfg = Release|Win32
		{B37BF131-4639-470F-9AAA-C6E35EA8644C}.Release Singlethreaded|Win32.ActiveCfg = Release|Win32
		{B37BF131-4639-470F-9AAA-C6E35EA8644C}.Release Singlethreaded|Win32.Build.0 = Release|Win32
		{B37BF131-4639-470F-9AAA-C6E35EA8644C}.Release Singlethreaded|x64.ActiveCfg = Release|Win32
		{B37BF131-4639-470F-9AAA-C6E35EA8644C}.release_nocrypt|Win32.ActiveCfg = Release|Win32
		{B37BF131-4639-470F-9AAA-C6E35EA8644C}.release_nocrypt|Win32.Build.0 = Release|Win32
		{B37BF131-4639-470F-9AAA-C6E35EA8644C}.release_nocrypt|x64.ActiveCfg = Release|Win32
		{B37BF131-4639-470F-9AAA-C6E35EA8644C}.Release_SSE|Win32.ActiveCfg = Release|Win32
		{B37BF131-4639-470F-9AAA-C6E35EA8644C}.Release_SSE|Win32.Build.0 = Release|Win32
		{B37BF131-4639-470F-9AAA-C6E35EA8644C}.Release_SSE|x64.ActiveCfg = Release|Win32
		{B37BF131-4639-470F-9AAA-C6E35EA8644C}.Release_SSE2|Win32.ActiveCfg = Release|Win32
		{B37BF131-4639-470F-9AAA-C6E35EA8644C}.Release_SSE2|Win32.Build.0 = Release|Win32
		{B37BF131-4639-470F-9AAA-C6E35EA8644C}.Release_SSE2|x64.ActiveCfg = Release|Win32
		{B37BF131-4639-470F-9AAA-C6E35EA8644C}.Release|Win32.ActiveCfg = Release|Win32
		{B37BF131-4639-470F-9AAA-C6E35EA8644C}.Release|Win32.Build.0 = Release|Win32
		{B37BF131-4639-470F-9AAA-C6E35EA8644C}.Release|x64.ActiveCfg = Release|Win32
		{B37BF131-4639-470F-9AAA-C6E35EA8644C}.Template|Win32.ActiveCfg = Release|Win32
		{B37BF131-4639-470F-9AAA-C6E35EA8644C}.Template|Win32.Build.0 = Release|Win32
		{B37BF131-4639-470F-9AAA-C6E35EA8644C}.Template|x64.ActiveCfg = Release|Win32
		{64DD14D8-4856-4FCF-A0B9-CEFC517EC9C6}.Debug Multithreaded|Win32.ActiveCfg = Debug|Win32
		{64DD14D8-4856-4FCF-A0B9-CEFC517EC9C6}.Debug Multithreaded|Win32.Build.0 = Debug|Win32
		{64DD14D8-4856-4FCF-A0B9-CEFC517EC9C6}.Debug Multithreaded|x64.ActiveCfg = Debug|Win32
		{64DD14D8-4856-4FCF-A0B9-CEFC517EC9C6}.Debug Singlethreaded|Win32.ActiveCfg = Debug|Win32
		{64DD14D8-4856-4FCF-A0B9-CEFC517EC9C6}.Debug Singlethreaded|Win32.Build.0 = Debug|Win32
		{64DD14D8-4856-4FCF-A0B9-CEFC517EC9C6}.Debug Singlethreaded|x64.ActiveCfg = Debug|Win32
		{64DD14D8-4856-4FCF-A0B9-CEFC517EC9C6}.Debug|Win32.ActiveCfg = Debug|Win32
		{64DD14D8-4856-4FCF-A0B9-CEFC517EC9C6}.Debug|Win32.Build.0 = Debug|Win32
		{64DD14D8-4856-4FCF-A0B9-CEFC517EC9C6}.Debug|x64.ActiveCfg = Debug|Win32
		{64DD14D8-4856-4FCF-A0B9-CEFC517EC9C6}.Develop|Win32.ActiveCfg = Develop|Win32
		{64DD14D8-4856-4FCF-A0B9-CEFC517EC9C6}.Develop|Win32.Build.0 = Develop|Win32
		{64DD14D8-4856-4FCF-A0B9-CEFC517EC9C6}.Develop|x64.ActiveCfg = Develop|Win32
		{64DD14D8-4856-4FCF-A0B9-CEFC517EC9C6}.OIS_DebugDll|Win32.ActiveCfg = Debug|Win32
		{64DD14D8-4856-4FCF-A0B9-CEFC517EC9C6}.OIS_DebugDll|Win32.Build.0 = Debug|Win32
		{64DD14D8-4856-4FCF-A0B9-CEFC517EC9C6}.OIS_DebugDll|x64.ActiveCfg = Debug|Win32
		{64DD14D8-4856-4FCF-A0B9-CEFC517EC9C6}.OIS_ReleaseDll|Win32.ActiveCfg = Release|Win32
		{64DD14D8-4856-4FCF-A0B9-CEFC517EC9C6}.OIS_ReleaseDll|Win32.Build.0 = Release|Win32
		{64DD14D8-4856-4FCF-A0B9-CEFC517EC9C6}.OIS_ReleaseDll|x64.ActiveCfg = Release|Win32
		{64DD14D8-4856-4FCF-A0B9-CEFC517EC9C6}.Release Multithreaded|Win32.ActiveCfg = Release|Win32
		{64DD14D8-4856-4FCF-A0B9-CEFC517EC9C6}.Release Multithreaded|Win32.Build.0 = Release|Win32
		{64DD14D8-4856-4FCF-A0B9-CEFC517EC9C6}.Release Multithreaded|x64.ActiveCfg = Release|Win32
		{64DD14D8-4856-4FCF-A0B9-CEFC517EC9C6}.Release Singlethreaded|Win32.ActiveCfg = Release|Win32
		{64DD14D8-4856-4FCF-A0B9-CEFC517EC9C6}.Release Singlethreaded|Win32.Build.0 = Release|Win32
		{64DD14D8-4856-4FCF-A0B9-CEFC517EC9C6}.Release Singlethreaded|x64.ActiveCfg = Release|Win32
		{64DD14D8-4856-4FCF-A0B9-CEFC517EC9C6}.release_nocrypt|Win32.ActiveCfg = Release|Win32
		{64DD14D8-4856-4FCF-A0B9-CEFC517EC9C6}.release_nocrypt|Win32.Build.0 = Release|Win32
		{64DD14D8-4856-4FCF-A0B9-CEFC517EC9C6}.release_nocrypt|x64.ActiveCfg = Release|Win32
		{64DD14D8-4856-4FCF-A0B9-CEFC517EC9C6}.Release_SSE|Win32.ActiveCfg = Release|Win32
		{64DD14D8-4856-4FCF-A0B9-CEFC517EC9C6}.Release_SSE|Win32.Build.0 = Release|Win32
		{64DD14D8-4856-4FCF-A0B9-CEFC517EC9C6}.Release_SSE|x64.ActiveCfg = Release|Win32
		{64DD14D8-4856-4FCF-A0B9-CEFC517EC9C6}.Release_SSE2|Win32.ActiveCfg = Release|Win32
		{64DD14D8-4856-4FCF-A0B9-CEFC517EC9C6}.Release_SSE2|Win32.Build.0 = Release|Win32
		{64DD14D8-4856-4FCF-A0B9-CEFC517EC9C6}.Release_SSE2|x64.ActiveCfg = Release|Win32
		{64DD14D8-4856-4FCF-A0B9-CEFC517EC9C6}.Release|Win32.ActiveCfg = Release|Win32
		{64DD14D8-4856-4FCF-A0B9-CEFC517EC9C6}.Release|Win32.Build.0 = Release|Win32
		{64DD14D8-4856-4FCF-A0B9-CEFC517EC9C6}.Release|x64.ActiveCfg = Release|Win32
		{64DD14D8-4856-4FCF-A0B9-CEFC517EC9C6}.Template|Win32.ActiveCfg = Release|Win32
		{64DD14D8-4856-4FCF-A0B9-CEFC517EC9C6}.Template|Win32.Build.0 = Release|Win32
		{64DD14D8-4856-4FCF-A0B9-CEFC517EC9C6}.Template|x64.ActiveCfg = Release|Win32
	EndGlobalSection
	GlobalSection(SolutionProperties) = preSolution
		HideSolutionNode = FALSE
	EndGlobalSection
	GlobalSection(NestedProjects) = preSolution
		{78B079BD-9FC7-4B9E-B4A6-96DA0F00248B} = {5425CA08-64DF-4009-9213-0F4840745559}
		{9CC704CB-4956-4479-BDEC-57CBC03F700E} = {5425CA08-64DF-4009-9213-0F4840745559}
		{E815C46C-36C4-499F-BBC2-E772C6B17971} = {5425CA08-64DF-4009-9213-0F4840745559}
		{A69096FA-EAB4-4C98-A2FF-F7D0429E8DEE} = {EA791C1C-8CB5-42F1-9987-42D311817470}
		{45109401-D424-4EF4-B6AD-EFFF7100C2A1} = {EA791C1C-8CB5-42F1-9987-42D311817470}
		{937333A9-FF4A-4ABD-9935-CF9EFCEC2A8E} = {EA791C1C-8CB5-42F1-9987-42D311817470}
		{A7DE6B01-9F4D-4B62-89A6-45879F48D214} = {EA791C1C-8CB5-42F1-9987-42D311817470}
		{0255BEC2-3188-4BD1-9B3C-4C1E66C4AC09} = {A69096FA-EAB4-4C98-A2FF-F7D0429E8DEE}
		{CBC61B9C-C611-401C-8011-0E4642144EEE} = {A69096FA-EAB4-4C98-A2FF-F7D0429E8DEE}
		{F791CDCD-3F15-447B-91D6-BB3FBC07261A} = {A69096FA-EAB4-4C98-A2FF-F7D0429E8DEE}
		{85E5B072-BE62-4B4F-BB80-9CA405A9ABC7} = {A69096FA-EAB4-4C98-A2FF-F7D0429E8DEE}
		{64DD14D8-4856-4FCF-A0B9-CEFC517EC9C6} = {A69096FA-EAB4-4C98-A2FF-F7D0429E8DEE}
		{B37BF131-4639-470F-9AAA-C6E35EA8644C} = {6DA30DF0-38B9-4B21-B4E6-03439E9069F3}
		{87167A6E-EEB3-41D1-98A8-4609693D3E90} = {437B8CD7-58B5-4D32-B56A-0487A5774993}
	EndGlobalSection
EndGlobal
