<?xml version="1.0" encoding="utf-8"?>
<Project ToolsVersion="4.0" xmlns="http://schemas.microsoft.com/developer/msbuild/2003">
  <ItemGroup>
    <Filter Include="源文件">
      <UniqueIdentifier>{4FC737F1-C7A5-4376-A066-2A32D752A2FF}</UniqueIdentifier>
      <Extensions>cpp;c;cc;cxx;def;odl;idl;hpj;bat;asm;asmx</Extensions>
    </Filter>
    <Filter Include="头文件">
      <UniqueIdentifier>{93995380-89BD-4b04-88EB-625FBE52EBFB}</UniqueIdentifier>
      <Extensions>h;hpp;hxx;hm;inl;inc;xsd</Extensions>
    </Filter>
    <Filter Include="资源文件">
      <UniqueIdentifier>{67DA6AB6-F800-4c08-8B7A-83BB121AAD01}</UniqueIdentifier>
      <Extensions>rc;ico;cur;bmp;dlg;rc2;rct;bin;rgs;gif;jpg;jpeg;jpe;resx;tiff;tif;png;wav;mfcribbon-ms</Extensions>
    </Filter>
    <Filter Include="CppScript">
      <UniqueIdentifier>{31578ca4-ef31-41b8-9703-5ea8adf1a892}</UniqueIdentifier>
    </Filter>
    <Filter Include="Module">
      <UniqueIdentifier>{27bed263-1f58-4162-8e0d-c027f5ac6cf3}</UniqueIdentifier>
    </Filter>
    <Filter Include="Disassemble">
      <UniqueIdentifier>{a6873d32-20e7-47cf-9f99-ed225bae7885}</UniqueIdentifier>
    </Filter>
  </ItemGroup>
  <ItemGroup>
    <None Include="ReadMe.txt" />
  </ItemGroup>
  <ItemGroup>
    <ClInclude Include="stdafx.h">
      <Filter>头文件</Filter>
    </ClInclude>
    <ClInclude Include="targetver.h">
      <Filter>头文件</Filter>
    </ClInclude>
    <ClInclude Include="AirCppScript.h">
      <Filter>CppScript</Filter>
    </ClInclude>
    <ClInclude Include="AirCppScriptDefine.h">
      <Filter>CppScript</Filter>
    </ClInclude>
    <ClInclude Include="AirCppScriptDefineType.h">
      <Filter>CppScript</Filter>
    </ClInclude>
    <ClInclude Include="AirCppScriptCompiler.h">
      <Filter>CppScript</Filter>
    </ClInclude>
    <ClInclude Include="AirCppScriptParse.h">
      <Filter>CppScript</Filter>
    </ClInclude>
    <ClInclude Include="AirCppScriptSyntax.h">
      <Filter>CppScript</Filter>
    </ClInclude>
    <ClInclude Include="AirCppScriptSyntaxNode.h">
      <Filter>CppScript</Filter>
    </ClInclude>
    <ClInclude Include="AirCppScriptSyntaxNameSpace.h">
      <Filter>CppScript</Filter>
    </ClInclude>
    <ClInclude Include="AirCppScriptSyntaxConstant.h">
      <Filter>CppScript</Filter>
    </ClInclude>
    <ClInclude Include="AirCppScriptSyntaxExpression.h">
      <Filter>CppScript</Filter>
    </ClInclude>
    <ClInclude Include="AirCppScriptSyntaxFunction.h">
      <Filter>CppScript</Filter>
    </ClInclude>
    <ClInclude Include="AirCppScriptSyntaxVariable.h">
      <Filter>CppScript</Filter>
    </ClInclude>
    <ClInclude Include="AirCppScriptSyntaxObject.h">
      <Filter>CppScript</Filter>
    </ClInclude>
    <ClInclude Include="AirCppScriptSyntaxStatement.h">
      <Filter>CppScript</Filter>
    </ClInclude>
    <ClInclude Include="AirCppScriptFunction.h">
      <Filter>Module</Filter>
    </ClInclude>
    <ClInclude Include="AirCppScriptAssemble.h">
      <Filter>Module</Filter>
    </ClInclude>
    <ClInclude Include="Disassemable\decode.h">
      <Filter>Disassemble</Filter>
    </ClInclude>
    <ClInclude Include="Disassemable\extern.h">
      <Filter>Disassemble</Filter>
    </ClInclude>
    <ClInclude Include="Disassemable\input.h">
      <Filter>Disassemble</Filter>
    </ClInclude>
    <ClInclude Include="Disassemable\itab.h">
      <Filter>Disassemble</Filter>
    </ClInclude>
    <ClInclude Include="Disassemable\syn.h">
      <Filter>Disassemble</Filter>
    </ClInclude>
    <ClInclude Include="Disassemable\types.h">
      <Filter>Disassemble</Filter>
    </ClInclude>
    <ClInclude Include="Disassemable\udint.h">
      <Filter>Disassemble</Filter>
    </ClInclude>
    <ClInclude Include="Disassemable\udis86.h">
      <Filter>Disassemble</Filter>
    </ClInclude>
    <ClInclude Include="AirCppScriptModule.h">
      <Filter>Module</Filter>
    </ClInclude>
  </ItemGroup>
  <ItemGroup>
    <ClCompile Include="stdafx.cpp">
      <Filter>源文件</Filter>
    </ClCompile>
    <ClCompile Include="CppScript.cpp">
      <Filter>源文件</Filter>
    </ClCompile>
    <ClCompile Include="AirCppScriptCompiler.cpp">
      <Filter>CppScript</Filter>
    </ClCompile>
    <ClCompile Include="AirCppScript.cpp">
      <Filter>CppScript</Filter>
    </ClCompile>
    <ClCompile Include="AirCppScriptParse.cpp">
      <Filter>CppScript</Filter>
    </ClCompile>
    <ClCompile Include="AirCppScriptSyntax.cpp">
      <Filter>CppScript</Filter>
    </ClCompile>
    <ClCompile Include="AirCppScriptSyntaxNode.cpp">
      <Filter>CppScript</Filter>
    </ClCompile>
    <ClCompile Include="AirCppScriptSyntaxNameSpace.cpp">
      <Filter>CppScript</Filter>
    </ClCompile>
    <ClCompile Include="AirCppScriptSyntaxConstant.cpp">
      <Filter>CppScript</Filter>
    </ClCompile>
    <ClCompile Include="AirCppScriptSyntaxExpression.cpp">
      <Filter>CppScript</Filter>
    </ClCompile>
    <ClCompile Include="AirCppScriptSyntaxFunction.cpp">
      <Filter>CppScript</Filter>
    </ClCompile>
    <ClCompile Include="AirCppScriptSyntaxVariable.cpp">
      <Filter>CppScript</Filter>
    </ClCompile>
    <ClCompile Include="AirCppScriptSyntaxObject.cpp">
      <Filter>CppScript</Filter>
    </ClCompile>
    <ClCompile Include="AirCppScriptSyntaxStatement.cpp">
      <Filter>CppScript</Filter>
    </ClCompile>
    <ClCompile Include="AirCppScriptFunction.cpp">
      <Filter>Module</Filter>
    </ClCompile>
    <ClCompile Include="AirCppScriptAssemble.cpp">
      <Filter>Module</Filter>
    </ClCompile>
    <ClCompile Include="Disassemable\decode.c">
      <Filter>Disassemble</Filter>
    </ClCompile>
    <ClCompile Include="Disassemable\input.c">
      <Filter>Disassemble</Filter>
    </ClCompile>
    <ClCompile Include="Disassemable\itab.c">
      <Filter>Disassemble</Filter>
    </ClCompile>
    <ClCompile Include="Disassemable\syn.c">
      <Filter>Disassemble</Filter>
    </ClCompile>
    <ClCompile Include="Disassemable\syn-att.c">
      <Filter>Disassemble</Filter>
    </ClCompile>
    <ClCompile Include="Disassemable\syn-intel.c">
      <Filter>Disassemble</Filter>
    </ClCompile>
    <ClCompile Include="Disassemable\udis86.c">
      <Filter>Disassemble</Filter>
    </ClCompile>
    <ClCompile Include="AirCppScriptModule.cpp">
      <Filter>Module</Filter>
    </ClCompile>
  </ItemGroup>
</Project>