
Microsoft Visual Studio Solution File, Format Version 11.00
# Visual Studio 2010
Project("{8BC9CEB8-8B4A-11D0-8D11-00A0C91BC942}") = "lzo", "lzo.vcxproj", "{1DD4A369-749C-4298-83D6-D81315DA4C05}"
EndProject
Global
	GlobalSection(SolutionConfigurationPlatforms) = preSolution
		Debug|Win32 = Debug|Win32
		Release|Win32 = Release|Win32
	EndGlobalSection
	GlobalSection(ProjectConfigurationPlatforms) = postSolution
		{1DD4A369-749C-4298-83D6-D81315DA4C05}.Debug|Win32.ActiveCfg = Debug|Win32
		{1DD4A369-749C-4298-83D6-D81315DA4C05}.Debug|Win32.Build.0 = Debug|Win32
		{1DD4A369-749C-4298-83D6-D81315DA4C05}.Release|Win32.ActiveCfg = Release|Win32
		{1DD4A369-749C-4298-83D6-D81315DA4C05}.Release|Win32.Build.0 = Release|Win32
	EndGlobalSection
	GlobalSection(SolutionProperties) = preSolution
		HideSolutionNode = FALSE
	EndGlobalSection
EndGlobal
